
Microsoft Visual Studio Solution File, Format Version 11.00
# Visual Studio 2010
Project("{FAE04EC0-301F-11D3-BF4B-00C04F79EFBC}") = "Mustache_CSharp", "Mustache_CSharp\Mustache_CSharp.csproj", "{394A50EB-C9D2-4A19-8022-F997E4CE4508}"
EndProject
Global
	GlobalSection(SolutionConfigurationPlatforms) = preSolution
		Debug|Any CPU = Debug|Any CPU
		Release|Any CPU = Release|Any CPU
	EndGlobalSection
	GlobalSection(ProjectConfigurationPlatforms) = postSolution
		{394A50EB-C9D2-4A19-8022-F997E4CE4508}.Debug|Any CPU.ActiveCfg = Debug|Any CPU
		{394A50EB-C9D2-4A19-8022-F997E4CE4508}.Debug|Any CPU.Build.0 = Debug|Any CPU
		{394A50EB-C9D2-4A19-8022-F997E4CE4508}.Release|Any CPU.ActiveCfg = Release|Any CPU
		{394A50EB-C9D2-4A19-8022-F997E4CE4508}.Release|Any CPU.Build.0 = Release|Any CPU
	EndGlobalSection
	GlobalSection(SolutionProperties) = preSolution
		HideSolutionNode = FALSE
	EndGlobalSection
EndGlobal
